// !$*UTF8*$!
{
	archiveVersion = 1;
	classes = {
	};
	objectVersion = 50;
	objects = {

/* Begin PBXBuildFile section */
		225203F824E38F3A005B2BAF /* SpeakerRender.m in Sources */ = {isa = PBXBuildFile; fileRef = 225203E524E38F3A005B2BAF /* SpeakerRender.m */; };
		225203FA24E38F3A005B2BAF /* FrtcAudioClient.m in Sources */ = {isa = PBXBuildFile; fileRef = 225203E924E38F3A005B2BAF /* FrtcAudioClient.m */; };
		225203FC24E38F3A005B2BAF /* MicphoneCapture.m in Sources */ = {isa = PBXBuildFile; fileRef = 225203EC24E38F3A005B2BAF /* MicphoneCapture.m */; };
		2252041824E393B7005B2BAF /* DeviceObject.mm in Sources */ = {isa = PBXBuildFile; fileRef = 2252041724E393B7005B2BAF /* DeviceObject.mm */; };
		2252041A24E39A0F005B2BAF /* AudioToolbox.framework in Frameworks */ = {isa = PBXBuildFile; fileRef = 2252041924E39A0F005B2BAF /* AudioToolbox.framework */; };
		225EC5A42547C6B100BD55F4 /* window_capture_border.mm in Sources */ = {isa = PBXBuildFile; fileRef = 225EC5A22547C6B100BD55F4 /* window_capture_border.mm */; };
		225EC5AA2547FC0700BD55F4 /* FrtcWindowCaptureInterface.mm in Sources */ = {isa = PBXBuildFile; fileRef = 225EC5A92547FC0700BD55F4 /* FrtcWindowCaptureInterface.mm */; };
		225EC5AE254FADA100BD55F4 /* ScreenCaptureFoundation.m in Sources */ = {isa = PBXBuildFile; fileRef = 225EC5AD254FADA100BD55F4 /* ScreenCaptureFoundation.m */; };
		2261A51F24EF6D1700B7E3DE /* CaptureCameraStream.mm in Sources */ = {isa = PBXBuildFile; fileRef = 2261A51D24EF6D1700B7E3DE /* CaptureCameraStream.mm */; };
		2263BEAF24D90FA200E343AA /* CoreVideo.framework in Frameworks */ = {isa = PBXBuildFile; fileRef = 2263BEAE24D90FA200E343AA /* CoreVideo.framework */; };
		226C04E624D7FBD50084CB78 /* AppKit.framework in Frameworks */ = {isa = PBXBuildFile; fileRef = 226C04E324D7FBD50084CB78 /* AppKit.framework */; };
		226C04E724D7FBD50084CB78 /* AVKit.framework in Frameworks */ = {isa = PBXBuildFile; fileRef = 226C04E424D7FBD50084CB78 /* AVKit.framework */; };
		226C04E824D7FBD50084CB78 /* AVFoundation.framework in Frameworks */ = {isa = PBXBuildFile; fileRef = 226C04E524D7FBD50084CB78 /* AVFoundation.framework */; };
		226C04FB24D80DF40084CB78 /* OpenGL.framework in Frameworks */ = {isa = PBXBuildFile; fileRef = 226C04FA24D80DF40084CB78 /* OpenGL.framework */; };
		3DCEF92F28060772002F70F1 /* window_capture_interface.mm in Sources */ = {isa = PBXBuildFile; fileRef = 3DCEF92B28060772002F70F1 /* window_capture_interface.mm */; };
		3DCEF93028060772002F70F1 /* window_capture.mm in Sources */ = {isa = PBXBuildFile; fileRef = 3DCEF92E28060772002F70F1 /* window_capture.mm */; };
		8E2FA297279DA3DD00E7608D /* FrtcUserMuteView.m in Sources */ = {isa = PBXBuildFile; fileRef = 8E2FA296279DA3DD00E7608D /* FrtcUserMuteView.m */; };
		8E99DEE227292A7200D0435F /* FrtcUUID.m in Sources */ = {isa = PBXBuildFile; fileRef = 8E99DEE127292A7200D0435F /* FrtcUUID.m */; };
		8EB7D7FA26DE0FD900151436 /* util_mac.mm in Sources */ = {isa = PBXBuildFile; fileRef = 8EB7D7F926DE0FD900151436 /* util_mac.mm */; };
		8ECC34FA2754ABBB003B16BB /* UserBasicInformation.m in Sources */ = {isa = PBXBuildFile; fileRef = 8ECC34F82754ABBB003B16BB /* UserBasicInformation.m */; };
		8ECC353727551EB4003B16BB /* SDKNetWorking.m in Sources */ = {isa = PBXBuildFile; fileRef = 8ECC353527551EB4003B16BB /* SDKNetWorking.m */; };
		8ECC353B27552051003B16BB /* SDKUserDefault.m in Sources */ = {isa = PBXBuildFile; fileRef = 8ECC353927552051003B16BB /* SDKUserDefault.m */; };
		8ECC353F275523DA003B16BB /* FrtcManagement.m in Sources */ = {isa = PBXBuildFile; fileRef = 8ECC353E275523DA003B16BB /* FrtcManagement.m */; };
		8ECC3542275605B9003B16BB /* ContentSourceInfo.m in Sources */ = {isa = PBXBuildFile; fileRef = 8ECC3541275605B9003B16BB /* ContentSourceInfo.m */; };
		8ECC3546275606BD003B16BB /* FrtcMeetingStatusMachineTransition.m in Sources */ = {isa = PBXBuildFile; fileRef = 8ECC3545275606BD003B16BB /* FrtcMeetingStatusMachineTransition.m */; };
		AF6CEC0E24B6FE9500088C53 /* object_impl.cpp in Sources */ = {isa = PBXBuildFile; fileRef = AF6CEC0924B6FE9500088C53 /* object_impl.cpp */; };
		AF6CEC0F24B6FE9500088C53 /* common_interface.cpp in Sources */ = {isa = PBXBuildFile; fileRef = AF6CEC0A24B6FE9500088C53 /* common_interface.cpp */; };
		AF6CEC1024B6FE9500088C53 /* ObjectInterface.mm in Sources */ = {isa = PBXBuildFile; fileRef = AF6CEC0B24B6FE9500088C53 /* ObjectInterface.mm */; };
		AF6CEC6624B7150800088C53 /* libfrtc_sdk.a in CopyFiles */ = {isa = PBXBuildFile; fileRef = AF6CEBBD24B6EE9F00088C53 /* libfrtc_sdk.a */; };
		D1021CDC2A4AE6FB00A61739 /* AudioEngine.m in Sources */ = {isa = PBXBuildFile; fileRef = D1021CDB2A4AE6FB00A61739 /* AudioEngine.m */; };
		D1021CE02A4D149B00A61739 /* AudioDevice.m in Sources */ = {isa = PBXBuildFile; fileRef = D1021CDF2A4D149B00A61739 /* AudioDevice.m */; };
		D13D6AF025552379008580FB /* FrtcMeetingUserView.m in Sources */ = {isa = PBXBuildFile; fileRef = D13D6AEF25552379008580FB /* FrtcMeetingUserView.m */; };
		D14C870E254C11E400B4ECE1 /* MeetingUserInformation.m in Sources */ = {isa = PBXBuildFile; fileRef = D14C870C254C11E400B4ECE1 /* MeetingUserInformation.m */; };
		D14C870F254C11E400B4ECE1 /* MeetingLayoutContext.m in Sources */ = {isa = PBXBuildFile; fileRef = D14C870D254C11E400B4ECE1 /* MeetingLayoutContext.m */; };
		D14C8718254C120800B4ECE1 /* FrtcMeetingViewController.m in Sources */ = {isa = PBXBuildFile; fileRef = D14C8716254C120800B4ECE1 /* FrtcMeetingViewController.m */; };
		D14C8719254C120800B4ECE1 /* MeetingBackground.m in Sources */ = {isa = PBXBuildFile; fileRef = D14C8717254C120800B4ECE1 /* MeetingBackground.m */; };
		D14C8724254C166700B4ECE1 /* shader.metal in Sources */ = {isa = PBXBuildFile; fileRef = D14C871E254C166700B4ECE1 /* shader.metal */; };
		D14C8725254C166700B4ECE1 /* FrtcMTKRender.m in Sources */ = {isa = PBXBuildFile; fileRef = D14C8721254C166700B4ECE1 /* FrtcMTKRender.m */; };
		D14C8726254C166700B4ECE1 /* FrtcMTKView.m in Sources */ = {isa = PBXBuildFile; fileRef = D14C8722254C166700B4ECE1 /* FrtcMTKView.m */; };
		D14C8733254C1FF300B4ECE1 /* FrtcCall.mm in Sources */ = {isa = PBXBuildFile; fileRef = D14C8730254C1FF300B4ECE1 /* FrtcCall.mm */; };
		D14C8764254D2BFB00B4ECE1 /* FrtcSDKBundle.m in Sources */ = {isa = PBXBuildFile; fileRef = D14C8763254D2BFB00B4ECE1 /* FrtcSDKBundle.m */; };
		D14C8777254D407900B4ECE1 /* MetalKit.framework in Frameworks */ = {isa = PBXBuildFile; fileRef = D14C8776254D407900B4ECE1 /* MetalKit.framework */; };
		D14C8779254D48E100B4ECE1 /* Metal.framework in Frameworks */ = {isa = PBXBuildFile; fileRef = D14C8778254D48E100B4ECE1 /* Metal.framework */; };
		D14C877C254D4C6F00B4ECE1 /* CoreMedia.framework in Frameworks */ = {isa = PBXBuildFile; fileRef = D14C877B254D4C6F00B4ECE1 /* CoreMedia.framework */; };
		D14C877E254D4C8C00B4ECE1 /* QuartzCore.framework in Frameworks */ = {isa = PBXBuildFile; fileRef = D14C877D254D4C8C00B4ECE1 /* QuartzCore.framework */; };
		D14C8780254D4CC900B4ECE1 /* Foundation.framework in Frameworks */ = {isa = PBXBuildFile; fileRef = D14C877F254D4CC900B4ECE1 /* Foundation.framework */; };
		D18643AB2BBB066400F35E1E /* string_util.mm in Sources */ = {isa = PBXBuildFile; fileRef = D18643AA2BBB066400F35E1E /* string_util.mm */; };
		D19A7B9E25EE4B5F0080C54C /* content_audio_impl.cpp in Sources */ = {isa = PBXBuildFile; fileRef = D19A7B9A25EE4B5F0080C54C /* content_audio_impl.cpp */; };
		D19A7B9F25EE4B5F0080C54C /* content_audio_interface.cpp in Sources */ = {isa = PBXBuildFile; fileRef = D19A7B9B25EE4B5F0080C54C /* content_audio_interface.cpp */; };
		D1A4A04E2B9B60460059C343 /* window_rect_util.cpp in Sources */ = {isa = PBXBuildFile; fileRef = D1A4A04C2B9B60460059C343 /* window_rect_util.cpp */; };
		D1A4A0512B9B73950059C343 /* window_monitor_handler.cpp in Sources */ = {isa = PBXBuildFile; fileRef = D1A4A04F2B9B73950059C343 /* window_monitor_handler.cpp */; };
		D1CFEE6328AF3AB200142BBF /* FrtcAESObject.m in Sources */ = {isa = PBXBuildFile; fileRef = D1CFEE6228AF3AB200142BBF /* FrtcAESObject.m */; };
		D1DFA22F2AC2B5E80065A3AB /* ContentAudioBridge.m in Sources */ = {isa = PBXBuildFile; fileRef = D1DFA22E2AC2B5E80065A3AB /* ContentAudioBridge.m */; };
		D1E37E4128AE4B7000730A64 /* GTMBase64.m in Sources */ = {isa = PBXBuildFile; fileRef = D1E37E3E28AE4B7000730A64 /* GTMBase64.m */; };
		D1E37E4428AE4BC300730A64 /* NSData+AESTest.m in Sources */ = {isa = PBXBuildFile; fileRef = D1E37E4328AE4BC300730A64 /* NSData+AESTest.m */; };
		D1E8BF742B7524B500C4ED88 /* BaseLocation.m in Sources */ = {isa = PBXBuildFile; fileRef = D1E8BF732B7524B500C4ED88 /* BaseLocation.m */; };
		D1E8BF792B75260000C4ED88 /* PresenterLocation.m in Sources */ = {isa = PBXBuildFile; fileRef = D1E8BF782B75260000C4ED88 /* PresenterLocation.m */; };
		D1E8BF7C2B75263800C4ED88 /* GalleryLocation.m in Sources */ = {isa = PBXBuildFile; fileRef = D1E8BF7B2B75263800C4ED88 /* GalleryLocation.m */; };
		D1E8BF7F2B752D3C00C4ED88 /* LocationContext.m in Sources */ = {isa = PBXBuildFile; fileRef = D1E8BF7E2B752D3C00C4ED88 /* LocationContext.m */; };
		D1F798E22AD2F80B00D228B7 /* ScreenCaptureRecorder.m in Sources */ = {isa = PBXBuildFile; fileRef = D1F798E12AD2F80B00D228B7 /* ScreenCaptureRecorder.m */; };
		D1FCAC872A0550A4007C3104 /* AFURLResponseSerialization.m in Sources */ = {isa = PBXBuildFile; fileRef = D1FCAC7A2A0550A4007C3104 /* AFURLResponseSerialization.m */; };
		D1FCAC882A0550A4007C3104 /* AFURLSessionManager.m in Sources */ = {isa = PBXBuildFile; fileRef = D1FCAC7E2A0550A4007C3104 /* AFURLSessionManager.m */; };
		D1FCAC892A0550A4007C3104 /* AFNetworkReachabilityManager.m in Sources */ = {isa = PBXBuildFile; fileRef = D1FCAC7F2A0550A4007C3104 /* AFNetworkReachabilityManager.m */; };
		D1FCAC8A2A0550A4007C3104 /* AFURLRequestSerialization.m in Sources */ = {isa = PBXBuildFile; fileRef = D1FCAC802A0550A4007C3104 /* AFURLRequestSerialization.m */; };
		D1FCAC8B2A0550A4007C3104 /* AFHTTPSessionManager.m in Sources */ = {isa = PBXBuildFile; fileRef = D1FCAC812A0550A4007C3104 /* AFHTTPSessionManager.m */; };
		D1FCAC8C2A0550A4007C3104 /* AFSecurityPolicy.m in Sources */ = {isa = PBXBuildFile; fileRef = D1FCAC822A0550A4007C3104 /* AFSecurityPolicy.m */; };
		D7086BB42BBABB720044228F /* window_capture_impl.mm in Sources */ = {isa = PBXBuildFile; fileRef = D7086BB22BBABB720044228F /* window_capture_impl.mm */; };
		D7191FD22BFC6F2600FFE98E /* libRtcCommon.dylib in Frameworks */ = {isa = PBXBuildFile; fileRef = D10CE1F72BCE5CED007CD210 /* libRtcCommon.dylib */; };
		D7292A382B6F8D2C0003E9D4 /* BaseLayout.m in Sources */ = {isa = PBXBuildFile; fileRef = D7292A372B6F8D2C0003E9D4 /* BaseLayout.m */; };
		D7292A3B2B6F8F340003E9D4 /* PresenterLayout.m in Sources */ = {isa = PBXBuildFile; fileRef = D7292A3A2B6F8F340003E9D4 /* PresenterLayout.m */; };
		D7292A3E2B6F8F570003E9D4 /* GalleryLayout.m in Sources */ = {isa = PBXBuildFile; fileRef = D7292A3D2B6F8F570003E9D4 /* GalleryLayout.m */; };
		D7292A412B6F9F3F0003E9D4 /* FullScreenGalleryLayout.m in Sources */ = {isa = PBXBuildFile; fileRef = D7292A402B6F9F3F0003E9D4 /* FullScreenGalleryLayout.m */; };
		D7410E902BB3E97800104AFD /* ScreenSizeUtil.m in Sources */ = {isa = PBXBuildFile; fileRef = D7410E8F2BB3E97800104AFD /* ScreenSizeUtil.m */; };
		D7932F4E2BC7F2F500CA8FF5 /* libmacShareAppStaticLib.a in Frameworks */ = {isa = PBXBuildFile; fileRef = D1EF99CE2A15FF2900C85D1A /* libmacShareAppStaticLib.a */; };
		D7DD958A2B9B0C7E00B5DB67 /* running_app_list.cpp in Sources */ = {isa = PBXBuildFile; fileRef = D7DD95882B9B0C7E00B5DB67 /* running_app_list.cpp */; };
		D7DD958E2B9EFAD200B5DB67 /* DisplayBorderView.m in Sources */ = {isa = PBXBuildFile; fileRef = D7DD958D2B9EFAD200B5DB67 /* DisplayBorderView.m */; };
		D7DD95912B9EFC8F00B5DB67 /* DisplayBorderWindow.m in Sources */ = {isa = PBXBuildFile; fileRef = D7DD95902B9EFC8F00B5DB67 /* DisplayBorderWindow.m */; };
/* End PBXBuildFile section */

/* Begin PBXCopyFilesBuildPhase section */
		AF6CEBBB24B6EE9F00088C53 /* CopyFiles */ = {
			isa = PBXCopyFilesBuildPhase;
			buildActionMask = 2147483647;
			dstPath = "$(SRCROOT)/lib";
			dstSubfolderSpec = 0;
			files = (
				AF6CEC6624B7150800088C53 /* libfrtc_sdk.a in CopyFiles */,
			);
			runOnlyForDeploymentPostprocessing = 0;
		};
/* End PBXCopyFilesBuildPhase section */

/* Begin PBXFileReference section */
		225203DF24E38F39005B2BAF /* FrtcAudioClient.h */ = {isa = PBXFileReference; fileEncoding = 4; lastKnownFileType = sourcecode.c.h; path = FrtcAudioClient.h; sourceTree = "<group>"; };
		225203E424E38F3A005B2BAF /* SpeakerRender.h */ = {isa = PBXFileReference; fileEncoding = 4; lastKnownFileType = sourcecode.c.h; path = SpeakerRender.h; sourceTree = "<group>"; };
		225203E524E38F3A005B2BAF /* SpeakerRender.m */ = {isa = PBXFileReference; fileEncoding = 4; lastKnownFileType = sourcecode.c.objc; path = SpeakerRender.m; sourceTree = "<group>"; };
		225203E924E38F3A005B2BAF /* FrtcAudioClient.m */ = {isa = PBXFileReference; explicitFileType = sourcecode.cpp.objcpp; fileEncoding = 4; path = FrtcAudioClient.m; sourceTree = "<group>"; };
		225203EC24E38F3A005B2BAF /* MicphoneCapture.m */ = {isa = PBXFileReference; explicitFileType = sourcecode.cpp.objcpp; fileEncoding = 4; path = MicphoneCapture.m; sourceTree = "<group>"; };
		225203ED24E38F3A005B2BAF /* MicphoneCapture.h */ = {isa = PBXFileReference; fileEncoding = 4; lastKnownFileType = sourcecode.c.h; path = MicphoneCapture.h; sourceTree = "<group>"; };
		2252041624E393B7005B2BAF /* DeviceObject.h */ = {isa = PBXFileReference; lastKnownFileType = sourcecode.c.h; path = DeviceObject.h; sourceTree = "<group>"; };
		2252041724E393B7005B2BAF /* DeviceObject.mm */ = {isa = PBXFileReference; explicitFileType = sourcecode.cpp.objcpp; path = DeviceObject.mm; sourceTree = "<group>"; };
		2252041924E39A0F005B2BAF /* AudioToolbox.framework */ = {isa = PBXFileReference; lastKnownFileType = wrapper.framework; name = AudioToolbox.framework; path = System/Library/Frameworks/AudioToolbox.framework; sourceTree = SDKROOT; };
		225EC5A22547C6B100BD55F4 /* window_capture_border.mm */ = {isa = PBXFileReference; fileEncoding = 4; lastKnownFileType = sourcecode.cpp.objcpp; path = window_capture_border.mm; sourceTree = "<group>"; };
		225EC5A32547C6B100BD55F4 /* window_capture_border.h */ = {isa = PBXFileReference; fileEncoding = 4; lastKnownFileType = sourcecode.c.h; path = window_capture_border.h; sourceTree = "<group>"; };
		225EC5A82547FC0700BD55F4 /* FrtcWindowCaptureInterface.h */ = {isa = PBXFileReference; lastKnownFileType = sourcecode.c.h; path = FrtcWindowCaptureInterface.h; sourceTree = "<group>"; };
		225EC5A92547FC0700BD55F4 /* FrtcWindowCaptureInterface.mm */ = {isa = PBXFileReference; lastKnownFileType = sourcecode.cpp.objcpp; path = FrtcWindowCaptureInterface.mm; sourceTree = "<group>"; };
		225EC5AC254FADA100BD55F4 /* ScreenCaptureFoundation.h */ = {isa = PBXFileReference; lastKnownFileType = sourcecode.c.h; path = ScreenCaptureFoundation.h; sourceTree = "<group>"; };
		225EC5AD254FADA100BD55F4 /* ScreenCaptureFoundation.m */ = {isa = PBXFileReference; explicitFileType = sourcecode.cpp.objcpp; path = ScreenCaptureFoundation.m; sourceTree = "<group>"; };
		2261A51D24EF6D1700B7E3DE /* CaptureCameraStream.mm */ = {isa = PBXFileReference; fileEncoding = 4; lastKnownFileType = sourcecode.cpp.objcpp; path = CaptureCameraStream.mm; sourceTree = "<group>"; };
		2261A51E24EF6D1700B7E3DE /* CaptureCameraStream.h */ = {isa = PBXFileReference; fileEncoding = 4; lastKnownFileType = sourcecode.c.h; path = CaptureCameraStream.h; sourceTree = "<group>"; };
		2263BEAE24D90FA200E343AA /* CoreVideo.framework */ = {isa = PBXFileReference; lastKnownFileType = wrapper.framework; name = CoreVideo.framework; path = System/Library/Frameworks/CoreVideo.framework; sourceTree = SDKROOT; };
		226C04E324D7FBD50084CB78 /* AppKit.framework */ = {isa = PBXFileReference; lastKnownFileType = wrapper.framework; name = AppKit.framework; path = System/Library/Frameworks/AppKit.framework; sourceTree = SDKROOT; };
		226C04E424D7FBD50084CB78 /* AVKit.framework */ = {isa = PBXFileReference; lastKnownFileType = wrapper.framework; name = AVKit.framework; path = System/Library/Frameworks/AVKit.framework; sourceTree = SDKROOT; };
		226C04E524D7FBD50084CB78 /* AVFoundation.framework */ = {isa = PBXFileReference; lastKnownFileType = wrapper.framework; name = AVFoundation.framework; path = System/Library/Frameworks/AVFoundation.framework; sourceTree = SDKROOT; };
		226C04FA24D80DF40084CB78 /* OpenGL.framework */ = {isa = PBXFileReference; lastKnownFileType = wrapper.framework; name = OpenGL.framework; path = System/Library/Frameworks/OpenGL.framework; sourceTree = SDKROOT; };
		22F823692511B17000C95D71 /* AppWindowCapturing.h */ = {isa = PBXFileReference; lastKnownFileType = sourcecode.c.h; path = AppWindowCapturing.h; sourceTree = "<group>"; };
		3D6F346827F5BC1D00424AC6 /* MacShareAppStaticLibClass.hpp */ = {isa = PBXFileReference; fileEncoding = 4; lastKnownFileType = sourcecode.cpp.h; path = MacShareAppStaticLibClass.hpp; sourceTree = "<group>"; };
		3D6F346927F5BC1D00424AC6 /* macShareAppStaticLib.h */ = {isa = PBXFileReference; fileEncoding = 4; lastKnownFileType = sourcecode.c.h; path = macShareAppStaticLib.h; sourceTree = "<group>"; };
		3D6F346A27F5BC1D00424AC6 /* common.h */ = {isa = PBXFileReference; fileEncoding = 4; lastKnownFileType = sourcecode.c.h; path = common.h; sourceTree = "<group>"; };
		3D6F346C27F5BC1D00424AC6 /* libmacShareAppStaticLib.a */ = {isa = PBXFileReference; lastKnownFileType = archive.ar; path = libmacShareAppStaticLib.a; sourceTree = "<group>"; };
		3DCEF92B28060772002F70F1 /* window_capture_interface.mm */ = {isa = PBXFileReference; fileEncoding = 4; lastKnownFileType = sourcecode.cpp.objcpp; path = window_capture_interface.mm; sourceTree = "<group>"; };
		3DCEF92C28060772002F70F1 /* window_capture.h */ = {isa = PBXFileReference; fileEncoding = 4; lastKnownFileType = sourcecode.c.h; path = window_capture.h; sourceTree = "<group>"; };
		3DCEF92D28060772002F70F1 /* window_capture_interface.h */ = {isa = PBXFileReference; fileEncoding = 4; lastKnownFileType = sourcecode.c.h; path = window_capture_interface.h; sourceTree = "<group>"; };
		3DCEF92E28060772002F70F1 /* window_capture.mm */ = {isa = PBXFileReference; fileEncoding = 4; lastKnownFileType = sourcecode.cpp.objcpp; path = window_capture.mm; sourceTree = "<group>"; };
		8E2FA295279DA3DD00E7608D /* FrtcUserMuteView.h */ = {isa = PBXFileReference; lastKnownFileType = sourcecode.c.h; path = FrtcUserMuteView.h; sourceTree = "<group>"; };
		8E2FA296279DA3DD00E7608D /* FrtcUserMuteView.m */ = {isa = PBXFileReference; lastKnownFileType = sourcecode.c.objc; path = FrtcUserMuteView.m; sourceTree = "<group>"; };
		8E99DEE027292A7200D0435F /* FrtcUUID.h */ = {isa = PBXFileReference; lastKnownFileType = sourcecode.c.h; path = FrtcUUID.h; sourceTree = "<group>"; };
		8E99DEE127292A7200D0435F /* FrtcUUID.m */ = {isa = PBXFileReference; lastKnownFileType = sourcecode.c.objc; path = FrtcUUID.m; sourceTree = "<group>"; };
		8EB7D7F826DE0FD900151436 /* util_mac.h */ = {isa = PBXFileReference; fileEncoding = 4; lastKnownFileType = sourcecode.c.h; path = util_mac.h; sourceTree = "<group>"; };
		8EB7D7F926DE0FD900151436 /* util_mac.mm */ = {isa = PBXFileReference; fileEncoding = 4; lastKnownFileType = sourcecode.cpp.objcpp; path = util_mac.mm; sourceTree = "<group>"; };
		8ECC34F82754ABBB003B16BB /* UserBasicInformation.m */ = {isa = PBXFileReference; fileEncoding = 4; lastKnownFileType = sourcecode.c.objc; path = UserBasicInformation.m; sourceTree = "<group>"; };
		8ECC34F92754ABBB003B16BB /* UserBasicInformation.h */ = {isa = PBXFileReference; fileEncoding = 4; lastKnownFileType = sourcecode.c.h; path = UserBasicInformation.h; sourceTree = "<group>"; };
		8ECC353527551EB4003B16BB /* SDKNetWorking.m */ = {isa = PBXFileReference; fileEncoding = 4; lastKnownFileType = sourcecode.c.objc; path = SDKNetWorking.m; sourceTree = "<group>"; };
		8ECC353627551EB4003B16BB /* SDKNetWorking.h */ = {isa = PBXFileReference; fileEncoding = 4; lastKnownFileType = sourcecode.c.h; path = SDKNetWorking.h; sourceTree = "<group>"; };
		8ECC353927552051003B16BB /* SDKUserDefault.m */ = {isa = PBXFileReference; fileEncoding = 4; lastKnownFileType = sourcecode.c.objc; path = SDKUserDefault.m; sourceTree = "<group>"; };
		8ECC353A27552051003B16BB /* SDKUserDefault.h */ = {isa = PBXFileReference; fileEncoding = 4; lastKnownFileType = sourcecode.c.h; path = SDKUserDefault.h; sourceTree = "<group>"; };
		8ECC353D275523DA003B16BB /* FrtcManagement.h */ = {isa = PBXFileReference; fileEncoding = 4; lastKnownFileType = sourcecode.c.h; path = FrtcManagement.h; sourceTree = "<group>"; };
		8ECC353E275523DA003B16BB /* FrtcManagement.m */ = {isa = PBXFileReference; fileEncoding = 4; lastKnownFileType = sourcecode.c.objc; path = FrtcManagement.m; sourceTree = "<group>"; };
		8ECC3540275605B9003B16BB /* ContentSourceInfo.h */ = {isa = PBXFileReference; lastKnownFileType = sourcecode.c.h; path = ContentSourceInfo.h; sourceTree = "<group>"; };
		8ECC3541275605B9003B16BB /* ContentSourceInfo.m */ = {isa = PBXFileReference; lastKnownFileType = sourcecode.c.objc; path = ContentSourceInfo.m; sourceTree = "<group>"; };
		8ECC3544275606BD003B16BB /* FrtcMeetingStatusMachineTransition.h */ = {isa = PBXFileReference; lastKnownFileType = sourcecode.c.h; path = FrtcMeetingStatusMachineTransition.h; sourceTree = "<group>"; };
		8ECC3545275606BD003B16BB /* FrtcMeetingStatusMachineTransition.m */ = {isa = PBXFileReference; lastKnownFileType = sourcecode.c.objc; path = FrtcMeetingStatusMachineTransition.m; sourceTree = "<group>"; };
		AF6CEBBD24B6EE9F00088C53 /* libfrtc_sdk.a */ = {isa = PBXFileReference; explicitFileType = archive.ar; includeInIndex = 0; path = libfrtc_sdk.a; sourceTree = BUILT_PRODUCTS_DIR; };
		AF6CEC0824B6FE9500088C53 /* common_interface.h */ = {isa = PBXFileReference; fileEncoding = 4; lastKnownFileType = sourcecode.c.h; path = common_interface.h; sourceTree = "<group>"; };
		AF6CEC0924B6FE9500088C53 /* object_impl.cpp */ = {isa = PBXFileReference; explicitFileType = sourcecode.cpp.objcpp; fileEncoding = 4; path = object_impl.cpp; sourceTree = "<group>"; };
		AF6CEC0A24B6FE9500088C53 /* common_interface.cpp */ = {isa = PBXFileReference; explicitFileType = sourcecode.cpp.objcpp; fileEncoding = 4; path = common_interface.cpp; sourceTree = "<group>"; };
		AF6CEC0B24B6FE9500088C53 /* ObjectInterface.mm */ = {isa = PBXFileReference; fileEncoding = 4; lastKnownFileType = sourcecode.cpp.objcpp; path = ObjectInterface.mm; sourceTree = "<group>"; };
		AF6CEC0C24B6FE9500088C53 /* ObjectInterface.h */ = {isa = PBXFileReference; fileEncoding = 4; lastKnownFileType = sourcecode.c.h; path = ObjectInterface.h; sourceTree = "<group>"; };
		AF6CEC0D24B6FE9500088C53 /* object_impl.h */ = {isa = PBXFileReference; fileEncoding = 4; lastKnownFileType = sourcecode.c.h; path = object_impl.h; sourceTree = "<group>"; };
		D1021CDA2A4AE6FB00A61739 /* AudioEngine.h */ = {isa = PBXFileReference; lastKnownFileType = sourcecode.c.h; path = AudioEngine.h; sourceTree = "<group>"; };
		D1021CDB2A4AE6FB00A61739 /* AudioEngine.m */ = {isa = PBXFileReference; lastKnownFileType = sourcecode.c.objc; path = AudioEngine.m; sourceTree = "<group>"; };
		D1021CDE2A4D149B00A61739 /* AudioDevice.h */ = {isa = PBXFileReference; lastKnownFileType = sourcecode.c.h; path = AudioDevice.h; sourceTree = "<group>"; };
		D1021CDF2A4D149B00A61739 /* AudioDevice.m */ = {isa = PBXFileReference; lastKnownFileType = sourcecode.c.objc; path = AudioDevice.m; sourceTree = "<group>"; };
		D10CE1F72BCE5CED007CD210 /* libRtcCommon.dylib */ = {isa = PBXFileReference; lastKnownFileType = "compiled.mach-o.dylib"; name = libRtcCommon.dylib; path = dist/lib/rtcsdk/arm64/libRtcCommon.dylib; sourceTree = "<group>"; };
		D13D6AEE25552379008580FB /* FrtcMeetingUserView.h */ = {isa = PBXFileReference; lastKnownFileType = sourcecode.c.h; path = FrtcMeetingUserView.h; sourceTree = "<group>"; };
		D13D6AEF25552379008580FB /* FrtcMeetingUserView.m */ = {isa = PBXFileReference; lastKnownFileType = sourcecode.c.objc; path = FrtcMeetingUserView.m; sourceTree = "<group>"; };
		D1425AE62BCAD3FB00D2A350 /* librtcsdk.dylib */ = {isa = PBXFileReference; lastKnownFileType = "compiled.mach-o.dylib"; name = librtcsdk.dylib; path = dist/lib/rtcsdk/arm64/librtcsdk.dylib; sourceTree = "<group>"; };
		D14C870A254C11E400B4ECE1 /* MeetingUserInformation.h */ = {isa = PBXFileReference; fileEncoding = 4; lastKnownFileType = sourcecode.c.h; path = MeetingUserInformation.h; sourceTree = "<group>"; };
		D14C870B254C11E400B4ECE1 /* MeetingLayoutContext.h */ = {isa = PBXFileReference; fileEncoding = 4; lastKnownFileType = sourcecode.c.h; path = MeetingLayoutContext.h; sourceTree = "<group>"; };
		D14C870C254C11E400B4ECE1 /* MeetingUserInformation.m */ = {isa = PBXFileReference; fileEncoding = 4; lastKnownFileType = sourcecode.c.objc; path = MeetingUserInformation.m; sourceTree = "<group>"; };
		D14C870D254C11E400B4ECE1 /* MeetingLayoutContext.m */ = {isa = PBXFileReference; fileEncoding = 4; lastKnownFileType = sourcecode.c.objc; path = MeetingLayoutContext.m; sourceTree = "<group>"; };
		D14C8713254C120800B4ECE1 /* FrtcMeetingViewController.h */ = {isa = PBXFileReference; fileEncoding = 4; lastKnownFileType = sourcecode.c.h; path = FrtcMeetingViewController.h; sourceTree = "<group>"; };
		D14C8714254C120800B4ECE1 /* MeetingBackground.h */ = {isa = PBXFileReference; fileEncoding = 4; lastKnownFileType = sourcecode.c.h; path = MeetingBackground.h; sourceTree = "<group>"; };
		D14C8715254C120800B4ECE1 /* FrtcMeetingViewController.xib */ = {isa = PBXFileReference; fileEncoding = 4; lastKnownFileType = file.xib; path = FrtcMeetingViewController.xib; sourceTree = "<group>"; };
		D14C8716254C120800B4ECE1 /* FrtcMeetingViewController.m */ = {isa = PBXFileReference; explicitFileType = sourcecode.cpp.objcpp; fileEncoding = 4; path = FrtcMeetingViewController.m; sourceTree = "<group>"; };
		D14C8717254C120800B4ECE1 /* MeetingBackground.m */ = {isa = PBXFileReference; explicitFileType = sourcecode.cpp.objcpp; fileEncoding = 4; path = MeetingBackground.m; sourceTree = "<group>"; };
		D14C871E254C166700B4ECE1 /* shader.metal */ = {isa = PBXFileReference; fileEncoding = 4; lastKnownFileType = sourcecode.metal; path = shader.metal; sourceTree = "<group>"; };
		D14C871F254C166700B4ECE1 /* FrtcMTKView.h */ = {isa = PBXFileReference; fileEncoding = 4; lastKnownFileType = sourcecode.c.h; path = FrtcMTKView.h; sourceTree = "<group>"; };
		D14C8721254C166700B4ECE1 /* FrtcMTKRender.m */ = {isa = PBXFileReference; explicitFileType = sourcecode.cpp.objcpp; fileEncoding = 4; path = FrtcMTKRender.m; sourceTree = "<group>"; };
		D14C8722254C166700B4ECE1 /* FrtcMTKView.m */ = {isa = PBXFileReference; explicitFileType = sourcecode.cpp.objcpp; fileEncoding = 4; path = FrtcMTKView.m; sourceTree = "<group>"; };
		D14C8723254C166700B4ECE1 /* FrtcMTKRender.h */ = {isa = PBXFileReference; fileEncoding = 4; lastKnownFileType = sourcecode.c.h; path = FrtcMTKRender.h; sourceTree = "<group>"; };
		D14C8730254C1FF300B4ECE1 /* FrtcCall.mm */ = {isa = PBXFileReference; fileEncoding = 4; lastKnownFileType = sourcecode.cpp.objcpp; path = FrtcCall.mm; sourceTree = "<group>"; };
		D14C8731254C1FF300B4ECE1 /* FrtcCall.h */ = {isa = PBXFileReference; fileEncoding = 4; lastKnownFileType = sourcecode.c.h; path = FrtcCall.h; sourceTree = "<group>"; };
		D14C8762254D2BFB00B4ECE1 /* FrtcSDKBundle.h */ = {isa = PBXFileReference; lastKnownFileType = sourcecode.c.h; path = FrtcSDKBundle.h; sourceTree = "<group>"; };
		D14C8763254D2BFB00B4ECE1 /* FrtcSDKBundle.m */ = {isa = PBXFileReference; lastKnownFileType = sourcecode.c.objc; path = FrtcSDKBundle.m; sourceTree = "<group>"; };
		D14C8776254D407900B4ECE1 /* MetalKit.framework */ = {isa = PBXFileReference; lastKnownFileType = wrapper.framework; name = MetalKit.framework; path = System/Library/Frameworks/MetalKit.framework; sourceTree = SDKROOT; };
		D14C8778254D48E100B4ECE1 /* Metal.framework */ = {isa = PBXFileReference; lastKnownFileType = wrapper.framework; name = Metal.framework; path = System/Library/Frameworks/Metal.framework; sourceTree = SDKROOT; };
		D14C877B254D4C6F00B4ECE1 /* CoreMedia.framework */ = {isa = PBXFileReference; lastKnownFileType = wrapper.framework; name = CoreMedia.framework; path = System/Library/Frameworks/CoreMedia.framework; sourceTree = SDKROOT; };
		D14C877D254D4C8C00B4ECE1 /* QuartzCore.framework */ = {isa = PBXFileReference; lastKnownFileType = wrapper.framework; name = QuartzCore.framework; path = System/Library/Frameworks/QuartzCore.framework; sourceTree = SDKROOT; };
		D14C877F254D4CC900B4ECE1 /* Foundation.framework */ = {isa = PBXFileReference; lastKnownFileType = wrapper.framework; name = Foundation.framework; path = System/Library/Frameworks/Foundation.framework; sourceTree = SDKROOT; };
		D18642EA2BB9AB1F00F35E1E /* string_util.h */ = {isa = PBXFileReference; lastKnownFileType = sourcecode.c.h; path = string_util.h; sourceTree = "<group>"; };
		D18643AA2BBB066400F35E1E /* string_util.mm */ = {isa = PBXFileReference; fileEncoding = 4; lastKnownFileType = sourcecode.cpp.objcpp; path = string_util.mm; sourceTree = "<group>"; };
		D19A7B9A25EE4B5F0080C54C /* content_audio_impl.cpp */ = {isa = PBXFileReference; fileEncoding = 4; lastKnownFileType = sourcecode.cpp.cpp; path = content_audio_impl.cpp; sourceTree = "<group>"; };
		D19A7B9B25EE4B5F0080C54C /* content_audio_interface.cpp */ = {isa = PBXFileReference; explicitFileType = sourcecode.cpp.objcpp; fileEncoding = 4; path = content_audio_interface.cpp; sourceTree = "<group>"; };
		D19A7B9C25EE4B5F0080C54C /* content_audio_impl.h */ = {isa = PBXFileReference; fileEncoding = 4; lastKnownFileType = sourcecode.c.h; path = content_audio_impl.h; sourceTree = "<group>"; };
		D19A7B9D25EE4B5F0080C54C /* content_audio_interface.h */ = {isa = PBXFileReference; fileEncoding = 4; lastKnownFileType = sourcecode.c.h; path = content_audio_interface.h; sourceTree = "<group>"; };
		D1A4A04C2B9B60460059C343 /* window_rect_util.cpp */ = {isa = PBXFileReference; explicitFileType = sourcecode.cpp.objcpp; path = window_rect_util.cpp; sourceTree = "<group>"; };
		D1A4A04D2B9B60460059C343 /* window_rect_util.h */ = {isa = PBXFileReference; lastKnownFileType = sourcecode.c.h; path = window_rect_util.h; sourceTree = "<group>"; };
		D1A4A04F2B9B73950059C343 /* window_monitor_handler.cpp */ = {isa = PBXFileReference; explicitFileType = sourcecode.cpp.objcpp; path = window_monitor_handler.cpp; sourceTree = "<group>"; };
		D1A4A0502B9B73950059C343 /* window_monitor_handler.h */ = {isa = PBXFileReference; lastKnownFileType = sourcecode.c.h; path = window_monitor_handler.h; sourceTree = "<group>"; };
		D1CFEE6128AF3AB200142BBF /* FrtcAESObject.h */ = {isa = PBXFileReference; lastKnownFileType = sourcecode.c.h; path = FrtcAESObject.h; sourceTree = "<group>"; };
		D1CFEE6228AF3AB200142BBF /* FrtcAESObject.m */ = {isa = PBXFileReference; lastKnownFileType = sourcecode.c.objc; path = FrtcAESObject.m; sourceTree = "<group>"; };
		D1DFA22D2AC2B5E80065A3AB /* ContentAudioBridge.h */ = {isa = PBXFileReference; lastKnownFileType = sourcecode.c.h; path = ContentAudioBridge.h; sourceTree = "<group>"; };
		D1DFA22E2AC2B5E80065A3AB /* ContentAudioBridge.m */ = {isa = PBXFileReference; explicitFileType = sourcecode.cpp.objcpp; path = ContentAudioBridge.m; sourceTree = "<group>"; };
		D1E37E3E28AE4B7000730A64 /* GTMBase64.m */ = {isa = PBXFileReference; fileEncoding = 4; lastKnownFileType = sourcecode.c.objc; path = GTMBase64.m; sourceTree = "<group>"; };
		D1E37E3F28AE4B7000730A64 /* GTMDefines.h */ = {isa = PBXFileReference; fileEncoding = 4; lastKnownFileType = sourcecode.c.h; path = GTMDefines.h; sourceTree = "<group>"; };
		D1E37E4028AE4B7000730A64 /* GTMBase64.h */ = {isa = PBXFileReference; fileEncoding = 4; lastKnownFileType = sourcecode.c.h; path = GTMBase64.h; sourceTree = "<group>"; };
		D1E37E4228AE4BC300730A64 /* NSData+AESTest.h */ = {isa = PBXFileReference; fileEncoding = 4; lastKnownFileType = sourcecode.c.h; path = "NSData+AESTest.h"; sourceTree = "<group>"; };
		D1E37E4328AE4BC300730A64 /* NSData+AESTest.m */ = {isa = PBXFileReference; explicitFileType = sourcecode.cpp.objcpp; fileEncoding = 4; path = "NSData+AESTest.m"; sourceTree = "<group>"; };
		D1E8BF722B7524B500C4ED88 /* BaseLocation.h */ = {isa = PBXFileReference; lastKnownFileType = sourcecode.c.h; path = BaseLocation.h; sourceTree = "<group>"; };
		D1E8BF732B7524B500C4ED88 /* BaseLocation.m */ = {isa = PBXFileReference; lastKnownFileType = sourcecode.c.objc; path = BaseLocation.m; sourceTree = "<group>"; };
		D1E8BF772B75260000C4ED88 /* PresenterLocation.h */ = {isa = PBXFileReference; lastKnownFileType = sourcecode.c.h; path = PresenterLocation.h; sourceTree = "<group>"; };
		D1E8BF782B75260000C4ED88 /* PresenterLocation.m */ = {isa = PBXFileReference; lastKnownFileType = sourcecode.c.objc; path = PresenterLocation.m; sourceTree = "<group>"; };
		D1E8BF7A2B75263800C4ED88 /* GalleryLocation.h */ = {isa = PBXFileReference; lastKnownFileType = sourcecode.c.h; path = GalleryLocation.h; sourceTree = "<group>"; };
		D1E8BF7B2B75263800C4ED88 /* GalleryLocation.m */ = {isa = PBXFileReference; lastKnownFileType = sourcecode.c.objc; path = GalleryLocation.m; sourceTree = "<group>"; };
		D1E8BF7D2B752D3C00C4ED88 /* LocationContext.h */ = {isa = PBXFileReference; lastKnownFileType = sourcecode.c.h; path = LocationContext.h; sourceTree = "<group>"; };
		D1E8BF7E2B752D3C00C4ED88 /* LocationContext.m */ = {isa = PBXFileReference; lastKnownFileType = sourcecode.c.objc; path = LocationContext.m; sourceTree = "<group>"; };
		D1EF99CE2A15FF2900C85D1A /* libmacShareAppStaticLib.a */ = {isa = PBXFileReference; lastKnownFileType = archive.ar; name = libmacShareAppStaticLib.a; path = dist/lib/app_capture/arm64/libmacShareAppStaticLib.a; sourceTree = "<group>"; };
		D1F798E12AD2F80B00D228B7 /* ScreenCaptureRecorder.m */ = {isa = PBXFileReference; fileEncoding = 4; lastKnownFileType = sourcecode.c.objc; path = ScreenCaptureRecorder.m; sourceTree = "<group>"; };
		D1F9B6A029574FAD00C203CA /* ScreenCaptureRecorder.h */ = {isa = PBXFileReference; lastKnownFileType = sourcecode.c.h; path = ScreenCaptureRecorder.h; sourceTree = "<group>"; };
		D1FCAC792A0550A4007C3104 /* AFNetworking.h */ = {isa = PBXFileReference; fileEncoding = 4; lastKnownFileType = sourcecode.c.h; path = AFNetworking.h; sourceTree = "<group>"; };
		D1FCAC7A2A0550A4007C3104 /* AFURLResponseSerialization.m */ = {isa = PBXFileReference; fileEncoding = 4; lastKnownFileType = sourcecode.c.objc; path = AFURLResponseSerialization.m; sourceTree = "<group>"; };
		D1FCAC7B2A0550A4007C3104 /* AFHTTPSessionManager.h */ = {isa = PBXFileReference; fileEncoding = 4; lastKnownFileType = sourcecode.c.h; path = AFHTTPSessionManager.h; sourceTree = "<group>"; };
		D1FCAC7C2A0550A4007C3104 /* AFNetworkReachabilityManager.h */ = {isa = PBXFileReference; fileEncoding = 4; lastKnownFileType = sourcecode.c.h; path = AFNetworkReachabilityManager.h; sourceTree = "<group>"; };
		D1FCAC7D2A0550A4007C3104 /* AFSecurityPolicy.h */ = {isa = PBXFileReference; fileEncoding = 4; lastKnownFileType = sourcecode.c.h; path = AFSecurityPolicy.h; sourceTree = "<group>"; };
		D1FCAC7E2A0550A4007C3104 /* AFURLSessionManager.m */ = {isa = PBXFileReference; fileEncoding = 4; lastKnownFileType = sourcecode.c.objc; path = AFURLSessionManager.m; sourceTree = "<group>"; };
		D1FCAC7F2A0550A4007C3104 /* AFNetworkReachabilityManager.m */ = {isa = PBXFileReference; fileEncoding = 4; lastKnownFileType = sourcecode.c.objc; path = AFNetworkReachabilityManager.m; sourceTree = "<group>"; };
		D1FCAC802A0550A4007C3104 /* AFURLRequestSerialization.m */ = {isa = PBXFileReference; fileEncoding = 4; lastKnownFileType = sourcecode.c.objc; path = AFURLRequestSerialization.m; sourceTree = "<group>"; };
		D1FCAC812A0550A4007C3104 /* AFHTTPSessionManager.m */ = {isa = PBXFileReference; fileEncoding = 4; lastKnownFileType = sourcecode.c.objc; path = AFHTTPSessionManager.m; sourceTree = "<group>"; };
		D1FCAC822A0550A4007C3104 /* AFSecurityPolicy.m */ = {isa = PBXFileReference; fileEncoding = 4; lastKnownFileType = sourcecode.c.objc; path = AFSecurityPolicy.m; sourceTree = "<group>"; };
		D1FCAC832A0550A4007C3104 /* AFURLResponseSerialization.h */ = {isa = PBXFileReference; fileEncoding = 4; lastKnownFileType = sourcecode.c.h; path = AFURLResponseSerialization.h; sourceTree = "<group>"; };
		D1FCAC842A0550A4007C3104 /* AFURLSessionManager.h */ = {isa = PBXFileReference; fileEncoding = 4; lastKnownFileType = sourcecode.c.h; path = AFURLSessionManager.h; sourceTree = "<group>"; };
		D1FCAC852A0550A4007C3104 /* AFCompatibilityMacros.h */ = {isa = PBXFileReference; fileEncoding = 4; lastKnownFileType = sourcecode.c.h; path = AFCompatibilityMacros.h; sourceTree = "<group>"; };
		D1FCAC862A0550A4007C3104 /* AFURLRequestSerialization.h */ = {isa = PBXFileReference; fileEncoding = 4; lastKnownFileType = sourcecode.c.h; path = AFURLRequestSerialization.h; sourceTree = "<group>"; };
		D7086BB22BBABB720044228F /* window_capture_impl.mm */ = {isa = PBXFileReference; fileEncoding = 4; lastKnownFileType = sourcecode.cpp.objcpp; path = window_capture_impl.mm; sourceTree = "<group>"; };
		D7086BB32BBABB720044228F /* window_capture_impl.h */ = {isa = PBXFileReference; fileEncoding = 4; lastKnownFileType = sourcecode.c.h; path = window_capture_impl.h; sourceTree = "<group>"; };
		D7292A362B6F8D2C0003E9D4 /* BaseLayout.h */ = {isa = PBXFileReference; lastKnownFileType = sourcecode.c.h; path = BaseLayout.h; sourceTree = "<group>"; };
		D7292A372B6F8D2C0003E9D4 /* BaseLayout.m */ = {isa = PBXFileReference; lastKnownFileType = sourcecode.c.objc; path = BaseLayout.m; sourceTree = "<group>"; };
		D7292A392B6F8F340003E9D4 /* PresenterLayout.h */ = {isa = PBXFileReference; lastKnownFileType = sourcecode.c.h; path = PresenterLayout.h; sourceTree = "<group>"; };
		D7292A3A2B6F8F340003E9D4 /* PresenterLayout.m */ = {isa = PBXFileReference; lastKnownFileType = sourcecode.c.objc; path = PresenterLayout.m; sourceTree = "<group>"; };
		D7292A3C2B6F8F570003E9D4 /* GalleryLayout.h */ = {isa = PBXFileReference; lastKnownFileType = sourcecode.c.h; path = GalleryLayout.h; sourceTree = "<group>"; };
		D7292A3D2B6F8F570003E9D4 /* GalleryLayout.m */ = {isa = PBXFileReference; lastKnownFileType = sourcecode.c.objc; path = GalleryLayout.m; sourceTree = "<group>"; };
		D7292A3F2B6F9F3F0003E9D4 /* FullScreenGalleryLayout.h */ = {isa = PBXFileReference; lastKnownFileType = sourcecode.c.h; path = FullScreenGalleryLayout.h; sourceTree = "<group>"; };
		D7292A402B6F9F3F0003E9D4 /* FullScreenGalleryLayout.m */ = {isa = PBXFileReference; lastKnownFileType = sourcecode.c.objc; path = FullScreenGalleryLayout.m; sourceTree = "<group>"; };
		D7410E8E2BB3E97800104AFD /* ScreenSizeUtil.h */ = {isa = PBXFileReference; lastKnownFileType = sourcecode.c.h; path = ScreenSizeUtil.h; sourceTree = "<group>"; };
		D7410E8F2BB3E97800104AFD /* ScreenSizeUtil.m */ = {isa = PBXFileReference; lastKnownFileType = sourcecode.c.objc; path = ScreenSizeUtil.m; sourceTree = "<group>"; };
		D7DD95882B9B0C7E00B5DB67 /* running_app_list.cpp */ = {isa = PBXFileReference; explicitFileType = sourcecode.cpp.objcpp; path = running_app_list.cpp; sourceTree = "<group>"; };
		D7DD95892B9B0C7E00B5DB67 /* running_app_list.h */ = {isa = PBXFileReference; lastKnownFileType = sourcecode.c.h; path = running_app_list.h; sourceTree = "<group>"; };
		D7DD958C2B9EFAD200B5DB67 /* DisplayBorderView.h */ = {isa = PBXFileReference; lastKnownFileType = sourcecode.c.h; path = DisplayBorderView.h; sourceTree = "<group>"; };
		D7DD958D2B9EFAD200B5DB67 /* DisplayBorderView.m */ = {isa = PBXFileReference; lastKnownFileType = sourcecode.c.objc; path = DisplayBorderView.m; sourceTree = "<group>"; };
		D7DD958F2B9EFC8F00B5DB67 /* DisplayBorderWindow.h */ = {isa = PBXFileReference; lastKnownFileType = sourcecode.c.h; path = DisplayBorderWindow.h; sourceTree = "<group>"; };
		D7DD95902B9EFC8F00B5DB67 /* DisplayBorderWindow.m */ = {isa = PBXFileReference; lastKnownFileType = sourcecode.c.objc; path = DisplayBorderWindow.m; sourceTree = "<group>"; };
/* End PBXFileReference section */

/* Begin PBXFrameworksBuildPhase section */
		AF6CEBBA24B6EE9F00088C53 /* Frameworks */ = {
			isa = PBXFrameworksBuildPhase;
			buildActionMask = 2147483647;
			files = (
				D14C8780254D4CC900B4ECE1 /* Foundation.framework in Frameworks */,
				226C04E724D7FBD50084CB78 /* AVKit.framework in Frameworks */,
				D14C877E254D4C8C00B4ECE1 /* QuartzCore.framework in Frameworks */,
				D14C877C254D4C6F00B4ECE1 /* CoreMedia.framework in Frameworks */,
				D14C8779254D48E100B4ECE1 /* Metal.framework in Frameworks */,
				D14C8777254D407900B4ECE1 /* MetalKit.framework in Frameworks */,
				2252041A24E39A0F005B2BAF /* AudioToolbox.framework in Frameworks */,
				2263BEAF24D90FA200E343AA /* CoreVideo.framework in Frameworks */,
				226C04FB24D80DF40084CB78 /* OpenGL.framework in Frameworks */,
				226C04E624D7FBD50084CB78 /* AppKit.framework in Frameworks */,
				226C04E824D7FBD50084CB78 /* AVFoundation.framework in Frameworks */,
				D7932F4E2BC7F2F500CA8FF5 /* libmacShareAppStaticLib.a in Frameworks */,
				D7191FD22BFC6F2600FFE98E /* libRtcCommon.dylib in Frameworks */,
			);
			runOnlyForDeploymentPostprocessing = 0;
		};
/* End PBXFrameworksBuildPhase section */

/* Begin PBXGroup section */
		225203D824E38F39005B2BAF /* Audio */ = {
			isa = PBXGroup;
			children = (
				D1021CDD2A4D148000A61739 /* AudioDevice */,
				D1021CD92A4AE6A600A61739 /* AudioEngine */,
				225203E324E38F3A005B2BAF /* SpeakerRender */,
				225203EB24E38F3A005B2BAF /* MicphoneCapture */,
				225203DF24E38F39005B2BAF /* FrtcAudioClient.h */,
				225203E924E38F3A005B2BAF /* FrtcAudioClient.m */,
			);
			path = Audio;
			sourceTree = "<group>";
		};
		225203E324E38F3A005B2BAF /* SpeakerRender */ = {
			isa = PBXGroup;
			children = (
				225203E424E38F3A005B2BAF /* SpeakerRender.h */,
				225203E524E38F3A005B2BAF /* SpeakerRender.m */,
			);
			path = SpeakerRender;
			sourceTree = "<group>";
		};
		225203EB24E38F3A005B2BAF /* MicphoneCapture */ = {
			isa = PBXGroup;
			children = (
				225203ED24E38F3A005B2BAF /* MicphoneCapture.h */,
				225203EC24E38F3A005B2BAF /* MicphoneCapture.m */,
			);
			path = MicphoneCapture;
			sourceTree = "<group>";
		};
		225EC5972547BB3100BD55F4 /* internal */ = {
			isa = PBXGroup;
			children = (
				D7086BB32BBABB720044228F /* window_capture_impl.h */,
				D7086BB22BBABB720044228F /* window_capture_impl.mm */,
				22F823692511B17000C95D71 /* AppWindowCapturing.h */,
				D7DD958B2B9EFA7000B5DB67 /* app_display_green_view */,
				D7DD95872B9B0A8700B5DB67 /* capture_app_util */,
				225EC5A32547C6B100BD55F4 /* window_capture_border.h */,
				225EC5A22547C6B100BD55F4 /* window_capture_border.mm */,
				3DCEF92D28060772002F70F1 /* window_capture_interface.h */,
				3DCEF92B28060772002F70F1 /* window_capture_interface.mm */,
				3DCEF92C28060772002F70F1 /* window_capture.h */,
				3DCEF92E28060772002F70F1 /* window_capture.mm */,
				225EC5AC254FADA100BD55F4 /* ScreenCaptureFoundation.h */,
				225EC5AD254FADA100BD55F4 /* ScreenCaptureFoundation.m */,
				D1F9B6A029574FAD00C203CA /* ScreenCaptureRecorder.h */,
				D1F798E12AD2F80B00D228B7 /* ScreenCaptureRecorder.m */,
				D1DFA22D2AC2B5E80065A3AB /* ContentAudioBridge.h */,
				D1DFA22E2AC2B5E80065A3AB /* ContentAudioBridge.m */,
			);
			path = internal;
			sourceTree = "<group>";
		};
		225EC59D2547C40D00BD55F4 /* Util */ = {
			isa = PBXGroup;
			children = (
				D18643AA2BBB066400F35E1E /* string_util.mm */,
				D18642EA2BB9AB1F00F35E1E /* string_util.h */,
			);
			path = Util;
			sourceTree = "<group>";
		};
		22F8235C2511A06C00C95D71 /* Content */ = {
			isa = PBXGroup;
			children = (
				3D6F346627F5BC1D00424AC6 /* DesktopCaptureStaticLib */,
				D19A7B9925EE4B5F0080C54C /* CaptureVirtualDeviceAudio */,
				225EC5972547BB3100BD55F4 /* internal */,
				225EC5A82547FC0700BD55F4 /* FrtcWindowCaptureInterface.h */,
				225EC5A92547FC0700BD55F4 /* FrtcWindowCaptureInterface.mm */,
				8ECC3540275605B9003B16BB /* ContentSourceInfo.h */,
				8ECC3541275605B9003B16BB /* ContentSourceInfo.m */,
			);
			path = Content;
			sourceTree = "<group>";
		};
		3D6F346627F5BC1D00424AC6 /* DesktopCaptureStaticLib */ = {
			isa = PBXGroup;
			children = (
				3D6F346727F5BC1D00424AC6 /* include */,
				3D6F346B27F5BC1D00424AC6 /* lib */,
			);
			path = DesktopCaptureStaticLib;
			sourceTree = SOURCE_ROOT;
		};
		3D6F346727F5BC1D00424AC6 /* include */ = {
			isa = PBXGroup;
			children = (
				3D6F346827F5BC1D00424AC6 /* MacShareAppStaticLibClass.hpp */,
				3D6F346927F5BC1D00424AC6 /* macShareAppStaticLib.h */,
				3D6F346A27F5BC1D00424AC6 /* common.h */,
			);
			path = include;
			sourceTree = "<group>";
		};
		3D6F346B27F5BC1D00424AC6 /* lib */ = {
			isa = PBXGroup;
			children = (
				3D6F346C27F5BC1D00424AC6 /* libmacShareAppStaticLib.a */,
			);
			path = lib;
			sourceTree = "<group>";
		};
		8E2FA294279DA3B500E7608D /* FrtcUserMuteView */ = {
			isa = PBXGroup;
			children = (
				8E2FA295279DA3DD00E7608D /* FrtcUserMuteView.h */,
				8E2FA296279DA3DD00E7608D /* FrtcUserMuteView.m */,
			);
			path = FrtcUserMuteView;
			sourceTree = "<group>";
		};
		8E99DEDF27292A3D00D0435F /* UUID */ = {
			isa = PBXGroup;
			children = (
				8E99DEE027292A7200D0435F /* FrtcUUID.h */,
				8E99DEE127292A7200D0435F /* FrtcUUID.m */,
			);
			path = UUID;
			sourceTree = "<group>";
		};
		8ECC34FB2754E76B003B16BB /* SDKAES */ = {
			isa = PBXGroup;
			children = (
				D1E37E4228AE4BC300730A64 /* NSData+AESTest.h */,
				D1E37E4328AE4BC300730A64 /* NSData+AESTest.m */,
				D1CFEE6128AF3AB200142BBF /* FrtcAESObject.h */,
				D1CFEE6228AF3AB200142BBF /* FrtcAESObject.m */,
			);
			path = SDKAES;
			sourceTree = "<group>";
		};
		8ECC352F27551E4A003B16BB /* GTMBase64 */ = {
			isa = PBXGroup;
			children = (
				D1E37E4028AE4B7000730A64 /* GTMBase64.h */,
				D1E37E3E28AE4B7000730A64 /* GTMBase64.m */,
				D1E37E3F28AE4B7000730A64 /* GTMDefines.h */,
			);
			path = GTMBase64;
			sourceTree = "<group>";
		};
		8ECC353427551E95003B16BB /* SDKNetworking */ = {
			isa = PBXGroup;
			children = (
				D1FCAC782A054F8C007C3104 /* AFNetworking */,
				8ECC353627551EB4003B16BB /* SDKNetWorking.h */,
				8ECC353527551EB4003B16BB /* SDKNetWorking.m */,
			);
			path = SDKNetworking;
			sourceTree = "<group>";
		};
		8ECC353827552032003B16BB /* UserDefault */ = {
			isa = PBXGroup;
			children = (
				8ECC353A27552051003B16BB /* SDKUserDefault.h */,
				8ECC353927552051003B16BB /* SDKUserDefault.m */,
			);
			path = UserDefault;
			sourceTree = "<group>";
		};
		8ECC353C27552385003B16BB /* FrtcInterface */ = {
			isa = PBXGroup;
			children = (
				D14C8731254C1FF300B4ECE1 /* FrtcCall.h */,
				D14C8730254C1FF300B4ECE1 /* FrtcCall.mm */,
				8ECC353D275523DA003B16BB /* FrtcManagement.h */,
				8ECC353E275523DA003B16BB /* FrtcManagement.m */,
			);
			path = FrtcInterface;
			sourceTree = "<group>";
		};
		8ECC35432756069F003B16BB /* FrtcMeetingStatusMachineTransition */ = {
			isa = PBXGroup;
			children = (
				8ECC3544275606BD003B16BB /* FrtcMeetingStatusMachineTransition.h */,
				8ECC3545275606BD003B16BB /* FrtcMeetingStatusMachineTransition.m */,
			);
			path = FrtcMeetingStatusMachineTransition;
			sourceTree = "<group>";
		};
		AF6CEBB424B6EE9F00088C53 = {
			isa = PBXGroup;
			children = (
				AF6CEBBF24B6EE9F00088C53 /* frtc_sdk */,
				AF6CEBBE24B6EE9F00088C53 /* Products */,
				AF6CEC0124B6FA4C00088C53 /* Frameworks */,
			);
			sourceTree = "<group>";
		};
		AF6CEBBE24B6EE9F00088C53 /* Products */ = {
			isa = PBXGroup;
			children = (
				AF6CEBBD24B6EE9F00088C53 /* libfrtc_sdk.a */,
			);
			name = Products;
			sourceTree = "<group>";
		};
		AF6CEBBF24B6EE9F00088C53 /* frtc_sdk */ = {
			isa = PBXGroup;
			children = (
				8ECC35432756069F003B16BB /* FrtcMeetingStatusMachineTransition */,
				8ECC353C27552385003B16BB /* FrtcInterface */,
				8ECC353827552032003B16BB /* UserDefault */,
				8ECC353427551E95003B16BB /* SDKNetworking */,
				8ECC352F27551E4A003B16BB /* GTMBase64 */,
				8ECC34FB2754E76B003B16BB /* SDKAES */,
				8E99DEDF27292A3D00D0435F /* UUID */,
				D14C8761254D2BD100B4ECE1 /* FrtcSDKBundle */,
				D14C871D254C166700B4ECE1 /* VideoView */,
				D14C8711254C120800B4ECE1 /* FrtcMeetingViewController */,
				D14C8709254C11E400B4ECE1 /* MeetingLayout */,
				225EC59D2547C40D00BD55F4 /* Util */,
				AF6CEC0724B6FE9500088C53 /* RtcCommonInterface */,
				225203D824E38F39005B2BAF /* Audio */,
				AF6CEBF324B6F67000088C53 /* Video */,
				22F8235C2511A06C00C95D71 /* Content */,
			);
			path = frtc_sdk;
			sourceTree = "<group>";
		};
		AF6CEBF324B6F67000088C53 /* Video */ = {
			isa = PBXGroup;
			children = (
				2261A51E24EF6D1700B7E3DE /* CaptureCameraStream.h */,
				2261A51D24EF6D1700B7E3DE /* CaptureCameraStream.mm */,
			);
			path = Video;
			sourceTree = "<group>";
		};
		AF6CEC0124B6FA4C00088C53 /* Frameworks */ = {
			isa = PBXGroup;
			children = (
				D10CE1F72BCE5CED007CD210 /* libRtcCommon.dylib */,
				D1425AE62BCAD3FB00D2A350 /* librtcsdk.dylib */,
				D1EF99CE2A15FF2900C85D1A /* libmacShareAppStaticLib.a */,
				D14C877F254D4CC900B4ECE1 /* Foundation.framework */,
				D14C877D254D4C8C00B4ECE1 /* QuartzCore.framework */,
				D14C877B254D4C6F00B4ECE1 /* CoreMedia.framework */,
				D14C8778254D48E100B4ECE1 /* Metal.framework */,
				D14C8776254D407900B4ECE1 /* MetalKit.framework */,
				2252041924E39A0F005B2BAF /* AudioToolbox.framework */,
				2263BEAE24D90FA200E343AA /* CoreVideo.framework */,
				226C04FA24D80DF40084CB78 /* OpenGL.framework */,
				226C04E324D7FBD50084CB78 /* AppKit.framework */,
				226C04E524D7FBD50084CB78 /* AVFoundation.framework */,
				226C04E424D7FBD50084CB78 /* AVKit.framework */,
			);
			name = Frameworks;
			sourceTree = "<group>";
		};
		AF6CEC0724B6FE9500088C53 /* RtcCommonInterface */ = {
			isa = PBXGroup;
			children = (
				AF6CEC0824B6FE9500088C53 /* common_interface.h */,
				AF6CEC0A24B6FE9500088C53 /* common_interface.cpp */,
				AF6CEC0D24B6FE9500088C53 /* object_impl.h */,
				AF6CEC0924B6FE9500088C53 /* object_impl.cpp */,
				AF6CEC0C24B6FE9500088C53 /* ObjectInterface.h */,
				AF6CEC0B24B6FE9500088C53 /* ObjectInterface.mm */,
				2252041624E393B7005B2BAF /* DeviceObject.h */,
				2252041724E393B7005B2BAF /* DeviceObject.mm */,
			);
			path = RtcCommonInterface;
			sourceTree = "<group>";
		};
		D1021CD92A4AE6A600A61739 /* AudioEngine */ = {
			isa = PBXGroup;
			children = (
				D1021CDA2A4AE6FB00A61739 /* AudioEngine.h */,
				D1021CDB2A4AE6FB00A61739 /* AudioEngine.m */,
			);
			path = AudioEngine;
			sourceTree = "<group>";
		};
		D1021CDD2A4D148000A61739 /* AudioDevice */ = {
			isa = PBXGroup;
			children = (
				D1021CDE2A4D149B00A61739 /* AudioDevice.h */,
				D1021CDF2A4D149B00A61739 /* AudioDevice.m */,
			);
			path = AudioDevice;
			sourceTree = "<group>";
		};
		D13D6AF225552386008580FB /* FrtcMeetingUserView */ = {
			isa = PBXGroup;
			children = (
				D13D6AEE25552379008580FB /* FrtcMeetingUserView.h */,
				D13D6AEF25552379008580FB /* FrtcMeetingUserView.m */,
			);
			path = FrtcMeetingUserView;
			sourceTree = "<group>";
		};
		D14C8709254C11E400B4ECE1 /* MeetingLayout */ = {
			isa = PBXGroup;
			children = (
				8ECC34F92754ABBB003B16BB /* UserBasicInformation.h */,
				8ECC34F82754ABBB003B16BB /* UserBasicInformation.m */,
				D14C870A254C11E400B4ECE1 /* MeetingUserInformation.h */,
				D14C870C254C11E400B4ECE1 /* MeetingUserInformation.m */,
				D14C870B254C11E400B4ECE1 /* MeetingLayoutContext.h */,
				D14C870D254C11E400B4ECE1 /* MeetingLayoutContext.m */,
				D7292A362B6F8D2C0003E9D4 /* BaseLayout.h */,
				D7292A372B6F8D2C0003E9D4 /* BaseLayout.m */,
				D7292A392B6F8F340003E9D4 /* PresenterLayout.h */,
				D7292A3A2B6F8F340003E9D4 /* PresenterLayout.m */,
				D7292A3C2B6F8F570003E9D4 /* GalleryLayout.h */,
				D7292A3D2B6F8F570003E9D4 /* GalleryLayout.m */,
				D7292A3F2B6F9F3F0003E9D4 /* FullScreenGalleryLayout.h */,
				D7292A402B6F9F3F0003E9D4 /* FullScreenGalleryLayout.m */,
			);
			path = MeetingLayout;
			sourceTree = "<group>";
		};
		D14C8711254C120800B4ECE1 /* FrtcMeetingViewController */ = {
			isa = PBXGroup;
			children = (
				D7410E8D2BB3E8AA00104AFD /* ScreenSizeUtil */,
				D14C8713254C120800B4ECE1 /* FrtcMeetingViewController.h */,
				D14C8716254C120800B4ECE1 /* FrtcMeetingViewController.m */,
				D14C8715254C120800B4ECE1 /* FrtcMeetingViewController.xib */,
				D1E8BF762B75253700C4ED88 /* LocationCompute */,
				D1E8BF752B7524C100C4ED88 /* MeetingBackground */,
			);
			path = FrtcMeetingViewController;
			sourceTree = "<group>";
		};
		D14C871D254C166700B4ECE1 /* VideoView */ = {
			isa = PBXGroup;
			children = (
				8E2FA294279DA3B500E7608D /* FrtcUserMuteView */,
				D13D6AF225552386008580FB /* FrtcMeetingUserView */,
				D14C871E254C166700B4ECE1 /* shader.metal */,
				D14C871F254C166700B4ECE1 /* FrtcMTKView.h */,
				D14C8722254C166700B4ECE1 /* FrtcMTKView.m */,
				D14C8723254C166700B4ECE1 /* FrtcMTKRender.h */,
				D14C8721254C166700B4ECE1 /* FrtcMTKRender.m */,
			);
			path = VideoView;
			sourceTree = "<group>";
		};
		D14C8761254D2BD100B4ECE1 /* FrtcSDKBundle */ = {
			isa = PBXGroup;
			children = (
				D14C8762254D2BFB00B4ECE1 /* FrtcSDKBundle.h */,
				D14C8763254D2BFB00B4ECE1 /* FrtcSDKBundle.m */,
			);
			path = FrtcSDKBundle;
			sourceTree = "<group>";
		};
		D19A7B9925EE4B5F0080C54C /* CaptureVirtualDeviceAudio */ = {
			isa = PBXGroup;
			children = (
				D19A7B9D25EE4B5F0080C54C /* content_audio_interface.h */,
				D19A7B9B25EE4B5F0080C54C /* content_audio_interface.cpp */,
				D19A7B9C25EE4B5F0080C54C /* content_audio_impl.h */,
				D19A7B9A25EE4B5F0080C54C /* content_audio_impl.cpp */,
			);
			path = CaptureVirtualDeviceAudio;
			sourceTree = "<group>";
		};
		D1E8BF752B7524C100C4ED88 /* MeetingBackground */ = {
			isa = PBXGroup;
			children = (
				D14C8714254C120800B4ECE1 /* MeetingBackground.h */,
				D14C8717254C120800B4ECE1 /* MeetingBackground.m */,
			);
			path = MeetingBackground;
			sourceTree = "<group>";
		};
		D1E8BF762B75253700C4ED88 /* LocationCompute */ = {
			isa = PBXGroup;
			children = (
				D1E8BF722B7524B500C4ED88 /* BaseLocation.h */,
				D1E8BF732B7524B500C4ED88 /* BaseLocation.m */,
				D1E8BF772B75260000C4ED88 /* PresenterLocation.h */,
				D1E8BF782B75260000C4ED88 /* PresenterLocation.m */,
				D1E8BF7A2B75263800C4ED88 /* GalleryLocation.h */,
				D1E8BF7B2B75263800C4ED88 /* GalleryLocation.m */,
				D1E8BF7D2B752D3C00C4ED88 /* LocationContext.h */,
				D1E8BF7E2B752D3C00C4ED88 /* LocationContext.m */,
			);
			path = LocationCompute;
			sourceTree = "<group>";
		};
		D1FCAC782A054F8C007C3104 /* AFNetworking */ = {
			isa = PBXGroup;
			children = (
				D1FCAC852A0550A4007C3104 /* AFCompatibilityMacros.h */,
				D1FCAC7B2A0550A4007C3104 /* AFHTTPSessionManager.h */,
				D1FCAC812A0550A4007C3104 /* AFHTTPSessionManager.m */,
				D1FCAC792A0550A4007C3104 /* AFNetworking.h */,
				D1FCAC7C2A0550A4007C3104 /* AFNetworkReachabilityManager.h */,
				D1FCAC7F2A0550A4007C3104 /* AFNetworkReachabilityManager.m */,
				D1FCAC7D2A0550A4007C3104 /* AFSecurityPolicy.h */,
				D1FCAC822A0550A4007C3104 /* AFSecurityPolicy.m */,
				D1FCAC862A0550A4007C3104 /* AFURLRequestSerialization.h */,
				D1FCAC802A0550A4007C3104 /* AFURLRequestSerialization.m */,
				D1FCAC832A0550A4007C3104 /* AFURLResponseSerialization.h */,
				D1FCAC7A2A0550A4007C3104 /* AFURLResponseSerialization.m */,
				D1FCAC842A0550A4007C3104 /* AFURLSessionManager.h */,
				D1FCAC7E2A0550A4007C3104 /* AFURLSessionManager.m */,
			);
			path = AFNetworking;
			sourceTree = "<group>";
		};
		D7410E8D2BB3E8AA00104AFD /* ScreenSizeUtil */ = {
			isa = PBXGroup;
			children = (
				D7410E8E2BB3E97800104AFD /* ScreenSizeUtil.h */,
				D7410E8F2BB3E97800104AFD /* ScreenSizeUtil.m */,
			);
			path = ScreenSizeUtil;
			sourceTree = "<group>";
		};
		D7DD95872B9B0A8700B5DB67 /* capture_app_util */ = {
			isa = PBXGroup;
			children = (
				8EB7D7F826DE0FD900151436 /* util_mac.h */,
				8EB7D7F926DE0FD900151436 /* util_mac.mm */,
				D7DD95892B9B0C7E00B5DB67 /* running_app_list.h */,
				D7DD95882B9B0C7E00B5DB67 /* running_app_list.cpp */,
				D1A4A04D2B9B60460059C343 /* window_rect_util.h */,
				D1A4A04C2B9B60460059C343 /* window_rect_util.cpp */,
				D1A4A0502B9B73950059C343 /* window_monitor_handler.h */,
				D1A4A04F2B9B73950059C343 /* window_monitor_handler.cpp */,
			);
			path = capture_app_util;
			sourceTree = "<group>";
		};
		D7DD958B2B9EFA7000B5DB67 /* app_display_green_view */ = {
			isa = PBXGroup;
			children = (
				D7DD958C2B9EFAD200B5DB67 /* DisplayBorderView.h */,
				D7DD958D2B9EFAD200B5DB67 /* DisplayBorderView.m */,
				D7DD958F2B9EFC8F00B5DB67 /* DisplayBorderWindow.h */,
				D7DD95902B9EFC8F00B5DB67 /* DisplayBorderWindow.m */,
			);
			path = app_display_green_view;
			sourceTree = "<group>";
		};
/* End PBXGroup section */

/* Begin PBXNativeTarget section */
		AF6CEBBC24B6EE9F00088C53 /* frtc_sdk */ = {
			isa = PBXNativeTarget;
			buildConfigurationList = AF6CEBC624B6EE9F00088C53 /* Build configuration list for PBXNativeTarget "frtc_sdk" */;
			buildPhases = (
				AF6CEBB924B6EE9F00088C53 /* Sources */,
				AF6CEBBA24B6EE9F00088C53 /* Frameworks */,
				AF6CEBBB24B6EE9F00088C53 /* CopyFiles */,
				D14C8767254D2F8C00B4ECE1 /* Resources */,
			);
			buildRules = (
			);
			dependencies = (
			);
			name = frtc_sdk;
			productName = frtc_sdk;
			productReference = AF6CEBBD24B6EE9F00088C53 /* libfrtc_sdk.a */;
			productType = "com.apple.product-type.library.static";
		};
/* End PBXNativeTarget section */

/* Begin PBXProject section */
		AF6CEBB524B6EE9F00088C53 /* Project object */ = {
			isa = PBXProject;
			attributes = {
				LastUpgradeCheck = 1150;
				ORGANIZATIONNAME = "徐亚飞";
				TargetAttributes = {
					AF6CEBBC24B6EE9F00088C53 = {
						CreatedOnToolsVersion = 11.5;
					};
				};
			};
			buildConfigurationList = AF6CEBB824B6EE9F00088C53 /* Build configuration list for PBXProject "frtc_sdk-arm64" */;
			compatibilityVersion = "Xcode 9.3";
			developmentRegion = en;
			hasScannedForEncodings = 0;
			knownRegions = (
				en,
				Base,
			);
			mainGroup = AF6CEBB424B6EE9F00088C53;
			productRefGroup = AF6CEBBE24B6EE9F00088C53 /* Products */;
			projectDirPath = "";
			projectRoot = "";
			targets = (
				AF6CEBBC24B6EE9F00088C53 /* frtc_sdk */,
			);
		};
/* End PBXProject section */

/* Begin PBXResourcesBuildPhase section */
		D14C8767254D2F8C00B4ECE1 /* Resources */ = {
			isa = PBXResourcesBuildPhase;
			buildActionMask = 2147483647;
			files = (
			);
			runOnlyForDeploymentPostprocessing = 0;
		};
/* End PBXResourcesBuildPhase section */

/* Begin PBXSourcesBuildPhase section */
		AF6CEBB924B6EE9F00088C53 /* Sources */ = {
			isa = PBXSourcesBuildPhase;
			buildActionMask = 2147483647;
			files = (
				D7292A3E2B6F8F570003E9D4 /* GalleryLayout.m in Sources */,
				D13D6AF025552379008580FB /* FrtcMeetingUserView.m in Sources */,
				D14C8719254C120800B4ECE1 /* MeetingBackground.m in Sources */,
				D7292A3B2B6F8F340003E9D4 /* PresenterLayout.m in Sources */,
				D14C8724254C166700B4ECE1 /* shader.metal in Sources */,
				D7292A382B6F8D2C0003E9D4 /* BaseLayout.m in Sources */,
				D1A4A0512B9B73950059C343 /* window_monitor_handler.cpp in Sources */,
				225203F824E38F3A005B2BAF /* SpeakerRender.m in Sources */,
				AF6CEC0F24B6FE9500088C53 /* common_interface.cpp in Sources */,
				2261A51F24EF6D1700B7E3DE /* CaptureCameraStream.mm in Sources */,
				8E2FA297279DA3DD00E7608D /* FrtcUserMuteView.m in Sources */,
				8E99DEE227292A7200D0435F /* FrtcUUID.m in Sources */,
				D14C8764254D2BFB00B4ECE1 /* FrtcSDKBundle.m in Sources */,
				D1021CE02A4D149B00A61739 /* AudioDevice.m in Sources */,
				225203FA24E38F3A005B2BAF /* FrtcAudioClient.m in Sources */,
				D14C8733254C1FF300B4ECE1 /* FrtcCall.mm in Sources */,
				2252041824E393B7005B2BAF /* DeviceObject.mm in Sources */,
				8ECC34FA2754ABBB003B16BB /* UserBasicInformation.m in Sources */,
				D1E8BF792B75260000C4ED88 /* PresenterLocation.m in Sources */,
				225EC5A42547C6B100BD55F4 /* window_capture_border.mm in Sources */,
				225EC5AA2547FC0700BD55F4 /* FrtcWindowCaptureInterface.mm in Sources */,
				D7410E902BB3E97800104AFD /* ScreenSizeUtil.m in Sources */,
				D14C8726254C166700B4ECE1 /* FrtcMTKView.m in Sources */,
				D1FCAC872A0550A4007C3104 /* AFURLResponseSerialization.m in Sources */,
				8ECC353F275523DA003B16BB /* FrtcManagement.m in Sources */,
				D19A7B9E25EE4B5F0080C54C /* content_audio_impl.cpp in Sources */,
				D7DD95912B9EFC8F00B5DB67 /* DisplayBorderWindow.m in Sources */,
				225EC5AE254FADA100BD55F4 /* ScreenCaptureFoundation.m in Sources */,
				D7DD958E2B9EFAD200B5DB67 /* DisplayBorderView.m in Sources */,
				225203FC24E38F3A005B2BAF /* MicphoneCapture.m in Sources */,
				D1E37E4128AE4B7000730A64 /* GTMBase64.m in Sources */,
				D1021CDC2A4AE6FB00A61739 /* AudioEngine.m in Sources */,
				8ECC3546275606BD003B16BB /* FrtcMeetingStatusMachineTransition.m in Sources */,
				D1E37E4428AE4BC300730A64 /* NSData+AESTest.m in Sources */,
				D14C8725254C166700B4ECE1 /* FrtcMTKRender.m in Sources */,
				AF6CEC0E24B6FE9500088C53 /* object_impl.cpp in Sources */,
				D1F798E22AD2F80B00D228B7 /* ScreenCaptureRecorder.m in Sources */,
				AF6CEC1024B6FE9500088C53 /* ObjectInterface.mm in Sources */,
				D14C870E254C11E400B4ECE1 /* MeetingUserInformation.m in Sources */,
				D14C870F254C11E400B4ECE1 /* MeetingLayoutContext.m in Sources */,
				3DCEF93028060772002F70F1 /* window_capture.mm in Sources */,
				D1FCAC8B2A0550A4007C3104 /* AFHTTPSessionManager.m in Sources */,
				D1E8BF742B7524B500C4ED88 /* BaseLocation.m in Sources */,
				D1DFA22F2AC2B5E80065A3AB /* ContentAudioBridge.m in Sources */,
				3DCEF92F28060772002F70F1 /* window_capture_interface.mm in Sources */,
				D1E8BF7C2B75263800C4ED88 /* GalleryLocation.m in Sources */,
				D1FCAC892A0550A4007C3104 /* AFNetworkReachabilityManager.m in Sources */,
				D7086BB42BBABB720044228F /* window_capture_impl.mm in Sources */,
				D7DD958A2B9B0C7E00B5DB67 /* running_app_list.cpp in Sources */,
				D1A4A04E2B9B60460059C343 /* window_rect_util.cpp in Sources */,
				D18643AB2BBB066400F35E1E /* string_util.mm in Sources */,
				8ECC3542275605B9003B16BB /* ContentSourceInfo.m in Sources */,
				D14C8718254C120800B4ECE1 /* FrtcMeetingViewController.m in Sources */,
				D19A7B9F25EE4B5F0080C54C /* content_audio_interface.cpp in Sources */,
				D1FCAC882A0550A4007C3104 /* AFURLSessionManager.m in Sources */,
				D1FCAC8A2A0550A4007C3104 /* AFURLRequestSerialization.m in Sources */,
				D7292A412B6F9F3F0003E9D4 /* FullScreenGalleryLayout.m in Sources */,
				D1FCAC8C2A0550A4007C3104 /* AFSecurityPolicy.m in Sources */,
				8ECC353B27552051003B16BB /* SDKUserDefault.m in Sources */,
				D1CFEE6328AF3AB200142BBF /* FrtcAESObject.m in Sources */,
				8ECC353727551EB4003B16BB /* SDKNetWorking.m in Sources */,
				D1E8BF7F2B752D3C00C4ED88 /* LocationContext.m in Sources */,
				8EB7D7FA26DE0FD900151436 /* util_mac.mm in Sources */,
			);
			runOnlyForDeploymentPostprocessing = 0;
		};
/* End PBXSourcesBuildPhase section */

/* Begin XCBuildConfiguration section */
		AF6CEBC424B6EE9F00088C53 /* Debug */ = {
			isa = XCBuildConfiguration;
			buildSettings = {
				ALWAYS_SEARCH_USER_PATHS = NO;
				CLANG_ANALYZER_NONNULL = YES;
				CLANG_ANALYZER_NUMBER_OBJECT_CONVERSION = YES_AGGRESSIVE;
				CLANG_CXX_LANGUAGE_STANDARD = "gnu++14";
				CLANG_CXX_LIBRARY = "libc++";
				CLANG_ENABLE_MODULES = YES;
				CLANG_ENABLE_OBJC_ARC = YES;
				CLANG_ENABLE_OBJC_WEAK = YES;
				CLANG_WARN_BLOCK_CAPTURE_AUTORELEASING = YES;
				CLANG_WARN_BOOL_CONVERSION = YES;
				CLANG_WARN_COMMA = YES;
				CLANG_WARN_CONSTANT_CONVERSION = YES;
				CLANG_WARN_DEPRECATED_OBJC_IMPLEMENTATIONS = YES;
				CLANG_WARN_DIRECT_OBJC_ISA_USAGE = YES_ERROR;
				CLANG_WARN_DOCUMENTATION_COMMENTS = YES;
				CLANG_WARN_EMPTY_BODY = YES;
				CLANG_WARN_ENUM_CONVERSION = YES;
				CLANG_WARN_INFINITE_RECURSION = YES;
				CLANG_WARN_INT_CONVERSION = YES;
				CLANG_WARN_NON_LITERAL_NULL_CONVERSION = YES;
				CLANG_WARN_OBJC_IMPLICIT_RETAIN_SELF = YES;
				CLANG_WARN_OBJC_LITERAL_CONVERSION = YES;
				CLANG_WARN_OBJC_ROOT_CLASS = YES_ERROR;
				CLANG_WARN_RANGE_LOOP_ANALYSIS = YES;
				CLANG_WARN_STRICT_PROTOTYPES = YES;
				CLANG_WARN_SUSPICIOUS_MOVE = YES;
				CLANG_WARN_UNGUARDED_AVAILABILITY = YES_AGGRESSIVE;
				CLANG_WARN_UNREACHABLE_CODE = YES;
				CLANG_WARN__DUPLICATE_METHOD_MATCH = YES;
				COPY_PHASE_STRIP = NO;
				DEBUG_INFORMATION_FORMAT = dwarf;
				ENABLE_STRICT_OBJC_MSGSEND = YES;
				ENABLE_TESTABILITY = YES;
				GCC_C_LANGUAGE_STANDARD = gnu11;
				GCC_DYNAMIC_NO_PIC = NO;
				GCC_NO_COMMON_BLOCKS = YES;
				GCC_OPTIMIZATION_LEVEL = 0;
				GCC_PREPROCESSOR_DEFINITIONS = (
					"DEBUG=1",
					"$(inherited)",
				);
				GCC_WARN_64_TO_32_BIT_CONVERSION = YES;
				GCC_WARN_ABOUT_RETURN_TYPE = YES_ERROR;
				GCC_WARN_UNDECLARED_SELECTOR = YES;
				GCC_WARN_UNINITIALIZED_AUTOS = YES_AGGRESSIVE;
				GCC_WARN_UNUSED_FUNCTION = YES;
				GCC_WARN_UNUSED_VARIABLE = YES;
				IPHONEOS_DEPLOYMENT_TARGET = 13.5;
				MACOSX_DEPLOYMENT_TARGET = 10.15;
				MTL_ENABLE_DEBUG_INFO = INCLUDE_SOURCE;
				MTL_FAST_MATH = YES;
				ONLY_ACTIVE_ARCH = YES;
				SDKROOT = macosx;
				VALID_ARCHS = arm64;
			};
			name = Debug;
		};
		AF6CEBC524B6EE9F00088C53 /* Release */ = {
			isa = XCBuildConfiguration;
			buildSettings = {
				ALWAYS_SEARCH_USER_PATHS = NO;
				CLANG_ANALYZER_NONNULL = YES;
				CLANG_ANALYZER_NUMBER_OBJECT_CONVERSION = YES_AGGRESSIVE;
				CLANG_CXX_LANGUAGE_STANDARD = "gnu++14";
				CLANG_CXX_LIBRARY = "libc++";
				CLANG_ENABLE_MODULES = YES;
				CLANG_ENABLE_OBJC_ARC = YES;
				CLANG_ENABLE_OBJC_WEAK = YES;
				CLANG_WARN_BLOCK_CAPTURE_AUTORELEASING = YES;
				CLANG_WARN_BOOL_CONVERSION = YES;
				CLANG_WARN_COMMA = YES;
				CLANG_WARN_CONSTANT_CONVERSION = YES;
				CLANG_WARN_DEPRECATED_OBJC_IMPLEMENTATIONS = YES;
				CLANG_WARN_DIRECT_OBJC_ISA_USAGE = YES_ERROR;
				CLANG_WARN_DOCUMENTATION_COMMENTS = YES;
				CLANG_WARN_EMPTY_BODY = YES;
				CLANG_WARN_ENUM_CONVERSION = YES;
				CLANG_WARN_INFINITE_RECURSION = YES;
				CLANG_WARN_INT_CONVERSION = YES;
				CLANG_WARN_NON_LITERAL_NULL_CONVERSION = YES;
				CLANG_WARN_OBJC_IMPLICIT_RETAIN_SELF = YES;
				CLANG_WARN_OBJC_LITERAL_CONVERSION = YES;
				CLANG_WARN_OBJC_ROOT_CLASS = YES_ERROR;
				CLANG_WARN_RANGE_LOOP_ANALYSIS = YES;
				CLANG_WARN_STRICT_PROTOTYPES = YES;
				CLANG_WARN_SUSPICIOUS_MOVE = YES;
				CLANG_WARN_UNGUARDED_AVAILABILITY = YES_AGGRESSIVE;
				CLANG_WARN_UNREACHABLE_CODE = YES;
				CLANG_WARN__DUPLICATE_METHOD_MATCH = YES;
				COPY_PHASE_STRIP = NO;
				DEBUG_INFORMATION_FORMAT = "dwarf-with-dsym";
				ENABLE_NS_ASSERTIONS = NO;
				ENABLE_STRICT_OBJC_MSGSEND = YES;
				GCC_C_LANGUAGE_STANDARD = gnu11;
				GCC_NO_COMMON_BLOCKS = YES;
				GCC_WARN_64_TO_32_BIT_CONVERSION = YES;
				GCC_WARN_ABOUT_RETURN_TYPE = YES_ERROR;
				GCC_WARN_UNDECLARED_SELECTOR = YES;
				GCC_WARN_UNINITIALIZED_AUTOS = YES_AGGRESSIVE;
				GCC_WARN_UNUSED_FUNCTION = YES;
				GCC_WARN_UNUSED_VARIABLE = YES;
				IPHONEOS_DEPLOYMENT_TARGET = 13.5;
				MACOSX_DEPLOYMENT_TARGET = 10.15;
				MTL_ENABLE_DEBUG_INFO = NO;
				MTL_FAST_MATH = YES;
				SDKROOT = macosx;
				VALIDATE_PRODUCT = YES;
				VALID_ARCHS = arm64;
			};
			name = Release;
		};
		AF6CEBC724B6EE9F00088C53 /* Debug */ = {
			isa = XCBuildConfiguration;
			buildSettings = {
				CODE_SIGN_STYLE = Automatic;
				DEVELOPMENT_TEAM = RN47447CU2;
				ENABLE_HARDENED_RUNTIME = NO;
				GCC_C_LANGUAGE_STANDARD = gnu11;
				GCC_INPUT_FILETYPE = automatic;
				GCC_PREPROCESSOR_DEFINITIONS = (
					"DEBUG=1",
					MAC,
				);
				HEADER_SEARCH_PATHS = dist/include/sdk/include;
				LIBRARY_SEARCH_PATHS = (
					dist/lib,
					../thirdParty/lib,
					"$(PROJECT_DIR)/dist/lib/app_capture/arm64",
					"$(PROJECT_DIR)/dist/lib/rtcsdk/arm64",
				);
				MACOSX_DEPLOYMENT_TARGET = 10.15;
				OTHER_LDFLAGS = "-ObjC";
				PRODUCT_NAME = frtc_sdk;
				SDKROOT = macosx;
				SKIP_INSTALL = YES;
				TARGETED_DEVICE_FAMILY = "1,2";
				VALID_ARCHS = arm64;
			};
			name = Debug;
		};
		AF6CEBC824B6EE9F00088C53 /* Release */ = {
			isa = XCBuildConfiguration;
			buildSettings = {
				CODE_SIGN_STYLE = Automatic;
				DEVELOPMENT_TEAM = RN47447CU2;
				ENABLE_HARDENED_RUNTIME = NO;
				GCC_C_LANGUAGE_STANDARD = gnu11;
				GCC_INPUT_FILETYPE = automatic;
				GCC_PREPROCESSOR_DEFINITIONS = MAC;
				HEADER_SEARCH_PATHS = dist/include/sdk/include;
				LIBRARY_SEARCH_PATHS = (
					dist/lib,
					../thirdParty/lib,
					"$(PROJECT_DIR)/dist/lib/app_capture/arm64",
					"$(PROJECT_DIR)/dist/lib/rtcsdk/arm64",
				);
				MACOSX_DEPLOYMENT_TARGET = 10.15;
				OTHER_LDFLAGS = "-ObjC";
				PRODUCT_NAME = frtc_sdk;
				SDKROOT = macosx;
				SKIP_INSTALL = YES;
				TARGETED_DEVICE_FAMILY = "1,2";
				VALID_ARCHS = arm64;
			};
			name = Release;
		};
/* End XCBuildConfiguration section */

/* Begin XCConfigurationList section */
		AF6CEBB824B6EE9F00088C53 /* Build configuration list for PBXProject "frtc_sdk-arm64" */ = {
			isa = XCConfigurationList;
			buildConfigurations = (
				AF6CEBC424B6EE9F00088C53 /* Debug */,
				AF6CEBC524B6EE9F00088C53 /* Release */,
			);
			defaultConfigurationIsVisible = 0;
			defaultConfigurationName = Release;
		};
		AF6CEBC624B6EE9F00088C53 /* Build configuration list for PBXNativeTarget "frtc_sdk" */ = {
			isa = XCConfigurationList;
			buildConfigurations = (
				AF6CEBC724B6EE9F00088C53 /* Debug */,
				AF6CEBC824B6EE9F00088C53 /* Release */,
			);
			defaultConfigurationIsVisible = 0;
			defaultConfigurationName = Release;
		};
/* End XCConfigurationList section */
	};
	rootObject = AF6CEBB524B6EE9F00088C53 /* Project object */;
}
